
Microsoft Visual Studio Solution File, Format Version 12.00
# Visual Studio Version 17
VisualStudioVersion = 17.9.34616.47
MinimumVisualStudioVersion = 10.0.40219.1
Project("{FAE04EC0-301F-11D3-BF4B-00C04F79EFBC}") = "Carlos_Castaneda_LabPractico1WebApi", "Carlos_Castaneda_LabPractico1WebApi\Carlos_Castaneda_LabPractico1WebApi.csproj", "{178C89EA-C67D-4C6C-9946-9C235CBADB8F}"
EndProject
Global
	GlobalSection(SolutionConfigurationPlatforms) = preSolution
		Debug|Any CPU = Debug|Any CPU
		Release|Any CPU = Release|Any CPU
	EndGlobalSection
	GlobalSection(ProjectConfigurationPlatforms) = postSolution
		{178C89EA-C67D-4C6C-9946-9C235CBADB8F}.Debug|Any CPU.ActiveCfg = Debug|Any CPU
		{178C89EA-C67D-4C6C-9946-9C235CBADB8F}.Debug|Any CPU.Build.0 = Debug|Any CPU
		{178C89EA-C67D-4C6C-9946-9C235CBADB8F}.Release|Any CPU.ActiveCfg = Release|Any CPU
		{178C89EA-C67D-4C6C-9946-9C235CBADB8F}.Release|Any CPU.Build.0 = Release|Any CPU
	EndGlobalSection
	GlobalSection(SolutionProperties) = preSolution
		HideSolutionNode = FALSE
	EndGlobalSection
	GlobalSection(ExtensibilityGlobals) = postSolution
		SolutionGuid = {2B4F6D95-D8FA-4952-A749-56D6A110164D}
	EndGlobalSection
EndGlobal
